{
  "name": "codex_arcana",
  "version": "1.0.0",
  "lockfileVersion": 3,
  "requires": true,
  "packages": {
    "": {
      "name": "codex_arcana",
      "version": "1.0.0",
      "license": "ISC",
      "dependencies": {
        "dddice-js": "^0.19.34-974"
      }
    },
    "node_modules/@types/three": {
      "version": "0.143.2",
      "resolved": "https://registry.npmjs.org/@types/three/-/three-0.143.2.tgz",
      "integrity": "sha512-HjsRWvd6rsXViFeOdU97/pHNDQknzJbFI0/5MrQ0joOlK0uixQH40sDJs/LwkNHhFYUvVENXAUQdKDeiQChHDw==",
      "license": "MIT",
      "dependencies": {
        "@types/webxr": "*"
      }
    },
    "node_modules/@types/webxr": {
      "version": "0.5.24",
      "resolved": "https://registry.npmjs.org/@types/webxr/-/webxr-0.5.24.tgz",
      "integrity": "sha512-h8fgEd/DpoS9CBrjEQXR+dIDraopAEfu4wYVNY2tEPwk60stPWhvZMf4Foo5FakuQ7HFZoa8WceaWFervK2Ovg==",
      "license": "MIT"
    },
    "node_modules/dddice-js": {
      "version": "0.19.34-974",
      "resolved": "https://registry.npmjs.org/dddice-js/-/dddice-js-0.19.34-974.tgz",
      "integrity": "sha512-PSlhMJ0QkLlyPjZ8YouMDm+9vbM8eeHD1HLg38HuYRKxLAMZAafeLS1PxYcjIgLiuL38ne6C8TyF4wbrI2/OEA==",
      "license": "MIT",
      "dependencies": {
        "@types/three": "0.143.2"
      }
    }
  }
}
